
Microsoft Visual Studio Solution File, Format Version 12.00
# Visual Studio 14
VisualStudioVersion = 14.0.25420.1
MinimumVisualStudioVersion = 10.0.40219.1
Project("{FAE04EC0-301F-11D3-BF4B-00C04F79EFBC}") = "MSAMobileApp", "MSAMobileApp\MSAMobileApp\MSAMobileApp.csproj", "{6DACB66B-485A-4797-A90C-3DCAA6DC47D5}"
EndProject
Project("{FAE04EC0-301F-11D3-BF4B-00C04F79EFBC}") = "MSAMobileApp.Droid", "MSAMobileApp\MSAMobileApp.Droid\MSAMobileApp.Droid.csproj", "{B7A24B2D-96BE-4D3B-A14C-532EE743797B}"
EndProject
Project("{FAE04EC0-301F-11D3-BF4B-00C04F79EFBC}") = "MSAMobileApp.iOS", "MSAMobileApp\MSAMobileApp.iOS\MSAMobileApp.iOS.csproj", "{9F535EAA-C6B1-4B14-81AD-298BD99334F7}"
EndProject
Project("{FAE04EC0-301F-11D3-BF4B-00C04F79EFBC}") = "MSAMobileApp.WinPhone", "MSAMobileApp\MSAMobileApp.WinPhone\MSAMobileApp.WinPhone.csproj", "{A6852689-E7E3-4BBC-B81C-5BC0167AD27F}"
EndProject
Project("{FAE04EC0-301F-11D3-BF4B-00C04F79EFBC}") = "MSAMobileApp.UWP", "MSAMobileApp\MSAMobileApp.UWP\MSAMobileApp.UWP.csproj", "{DDD7D72A-4AF9-41EB-ADD9-5D293988FFBD}"
EndProject
Project("{FAE04EC0-301F-11D3-BF4B-00C04F79EFBC}") = "MSAMobileApp.Windows", "MSAMobileApp\MSAMobileApp.Windows\MSAMobileApp.Windows.csproj", "{8BF7EAAC-3494-4EF4-922B-351AC376E85D}"
EndProject
Global
	GlobalSection(SolutionConfigurationPlatforms) = preSolution
		Ad-Hoc|Any CPU = Ad-Hoc|Any CPU
		Ad-Hoc|ARM = Ad-Hoc|ARM
		Ad-Hoc|iPhone = Ad-Hoc|iPhone
		Ad-Hoc|iPhoneSimulator = Ad-Hoc|iPhoneSimulator
		Ad-Hoc|x64 = Ad-Hoc|x64
		Ad-Hoc|x86 = Ad-Hoc|x86
		AppStore|Any CPU = AppStore|Any CPU
		AppStore|ARM = AppStore|ARM
		AppStore|iPhone = AppStore|iPhone
		AppStore|iPhoneSimulator = AppStore|iPhoneSimulator
		AppStore|x64 = AppStore|x64
		AppStore|x86 = AppStore|x86
		Debug|Any CPU = Debug|Any CPU
		Debug|ARM = Debug|ARM
		Debug|iPhone = Debug|iPhone
		Debug|iPhoneSimulator = Debug|iPhoneSimulator
		Debug|x64 = Debug|x64
		Debug|x86 = Debug|x86
		Release|Any CPU = Release|Any CPU
		Release|ARM = Release|ARM
		Release|iPhone = Release|iPhone
		Release|iPhoneSimulator = Release|iPhoneSimulator
		Release|x64 = Release|x64
		Release|x86 = Release|x86
	EndGlobalSection
	GlobalSection(ProjectConfigurationPlatforms) = postSolution
		{6DACB66B-485A-4797-A90C-3DCAA6DC47D5}.Ad-Hoc|Any CPU.ActiveCfg = Release|Any CPU
		{6DACB66B-485A-4797-A90C-3DCAA6DC47D5}.Ad-Hoc|Any CPU.Build.0 = Release|Any CPU
		{6DACB66B-485A-4797-A90C-3DCAA6DC47D5}.Ad-Hoc|ARM.ActiveCfg = Release|Any CPU
		{6DACB66B-485A-4797-A90C-3DCAA6DC47D5}.Ad-Hoc|ARM.Build.0 = Release|Any CPU
		{6DACB66B-485A-4797-A90C-3DCAA6DC47D5}.Ad-Hoc|iPhone.ActiveCfg = Release|Any CPU
		{6DACB66B-485A-4797-A90C-3DCAA6DC47D5}.Ad-Hoc|iPhone.Build.0 = Release|Any CPU
		{6DACB66B-485A-4797-A90C-3DCAA6DC47D5}.Ad-Hoc|iPhoneSimulator.ActiveCfg = Release|Any CPU
		{6DACB66B-485A-4797-A90C-3DCAA6DC47D5}.Ad-Hoc|iPhoneSimulator.Build.0 = Release|Any CPU
		{6DACB66B-485A-4797-A90C-3DCAA6DC47D5}.Ad-Hoc|x64.ActiveCfg = Release|Any CPU
		{6DACB66B-485A-4797-A90C-3DCAA6DC47D5}.Ad-Hoc|x64.Build.0 = Release|Any CPU
		{6DACB66B-485A-4797-A90C-3DCAA6DC47D5}.Ad-Hoc|x86.ActiveCfg = Release|Any CPU
		{6DACB66B-485A-4797-A90C-3DCAA6DC47D5}.Ad-Hoc|x86.Build.0 = Release|Any CPU
		{6DACB66B-485A-4797-A90C-3DCAA6DC47D5}.AppStore|Any CPU.ActiveCfg = Release|Any CPU
		{6DACB66B-485A-4797-A90C-3DCAA6DC47D5}.AppStore|Any CPU.Build.0 = Release|Any CPU
		{6DACB66B-485A-4797-A90C-3DCAA6DC47D5}.AppStore|ARM.ActiveCfg = Release|Any CPU
		{6DACB66B-485A-4797-A90C-3DCAA6DC47D5}.AppStore|ARM.Build.0 = Release|Any CPU
		{6DACB66B-485A-4797-A90C-3DCAA6DC47D5}.AppStore|iPhone.ActiveCfg = Release|Any CPU
		{6DACB66B-485A-4797-A90C-3DCAA6DC47D5}.AppStore|iPhone.Build.0 = Release|Any CPU
		{6DACB66B-485A-4797-A90C-3DCAA6DC47D5}.AppStore|iPhoneSimulator.ActiveCfg = Release|Any CPU
		{6DACB66B-485A-4797-A90C-3DCAA6DC47D5}.AppStore|iPhoneSimulator.Build.0 = Release|Any CPU
		{6DACB66B-485A-4797-A90C-3DCAA6DC47D5}.AppStore|x64.ActiveCfg = Release|Any CPU
		{6DACB66B-485A-4797-A90C-3DCAA6DC47D5}.AppStore|x64.Build.0 = Release|Any CPU
		{6DACB66B-485A-4797-A90C-3DCAA6DC47D5}.AppStore|x86.ActiveCfg = Release|Any CPU
		{6DACB66B-485A-4797-A90C-3DCAA6DC47D5}.AppStore|x86.Build.0 = Release|Any CPU
		{6DACB66B-485A-4797-A90C-3DCAA6DC47D5}.Debug|Any CPU.ActiveCfg = Debug|Any CPU
		{6DACB66B-485A-4797-A90C-3DCAA6DC47D5}.Debug|Any CPU.Build.0 = Debug|Any CPU
		{6DACB66B-485A-4797-A90C-3DCAA6DC47D5}.Debug|ARM.ActiveCfg = Debug|Any CPU
		{6DACB66B-485A-4797-A90C-3DCAA6DC47D5}.Debug|ARM.Build.0 = Debug|Any CPU
		{6DACB66B-485A-4797-A90C-3DCAA6DC47D5}.Debug|iPhone.ActiveCfg = Debug|Any CPU
		{6DACB66B-485A-4797-A90C-3DCAA6DC47D5}.Debug|iPhone.Build.0 = Debug|Any CPU
		{6DACB66B-485A-4797-A90C-3DCAA6DC47D5}.Debug|iPhoneSimulator.ActiveCfg = Debug|Any CPU
		{6DACB66B-485A-4797-A90C-3DCAA6DC47D5}.Debug|iPhoneSimulator.Build.0 = Debug|Any CPU
		{6DACB66B-485A-4797-A90C-3DCAA6DC47D5}.Debug|x64.ActiveCfg = Debug|Any CPU
		{6DACB66B-485A-4797-A90C-3DCAA6DC47D5}.Debug|x64.Build.0 = Debug|Any CPU
		{6DACB66B-485A-4797-A90C-3DCAA6DC47D5}.Debug|x86.ActiveCfg = Debug|Any CPU
		{6DACB66B-485A-4797-A90C-3DCAA6DC47D5}.Debug|x86.Build.0 = Debug|Any CPU
		{6DACB66B-485A-4797-A90C-3DCAA6DC47D5}.Release|Any CPU.ActiveCfg = Release|Any CPU
		{6DACB66B-485A-4797-A90C-3DCAA6DC47D5}.Release|Any CPU.Build.0 = Release|Any CPU
		{6DACB66B-485A-4797-A90C-3DCAA6DC47D5}.Release|ARM.ActiveCfg = Release|Any CPU
		{6DACB66B-485A-4797-A90C-3DCAA6DC47D5}.Release|ARM.Build.0 = Release|Any CPU
		{6DACB66B-485A-4797-A90C-3DCAA6DC47D5}.Release|iPhone.ActiveCfg = Release|Any CPU
		{6DACB66B-485A-4797-A90C-3DCAA6DC47D5}.Release|iPhone.Build.0 = Release|Any CPU
		{6DACB66B-485A-4797-A90C-3DCAA6DC47D5}.Release|iPhoneSimulator.ActiveCfg = Release|Any CPU
		{6DACB66B-485A-4797-A90C-3DCAA6DC47D5}.Release|iPhoneSimulator.Build.0 = Release|Any CPU
		{6DACB66B-485A-4797-A90C-3DCAA6DC47D5}.Release|x64.ActiveCfg = Release|Any CPU
		{6DACB66B-485A-4797-A90C-3DCAA6DC47D5}.Release|x64.Build.0 = Release|Any CPU
		{6DACB66B-485A-4797-A90C-3DCAA6DC47D5}.Release|x86.ActiveCfg = Release|Any CPU
		{6DACB66B-485A-4797-A90C-3DCAA6DC47D5}.Release|x86.Build.0 = Release|Any CPU
		{B7A24B2D-96BE-4D3B-A14C-532EE743797B}.Ad-Hoc|Any CPU.ActiveCfg = Release|Any CPU
		{B7A24B2D-96BE-4D3B-A14C-532EE743797B}.Ad-Hoc|Any CPU.Build.0 = Release|Any CPU
		{B7A24B2D-96BE-4D3B-A14C-532EE743797B}.Ad-Hoc|Any CPU.Deploy.0 = Release|Any CPU
		{B7A24B2D-96BE-4D3B-A14C-532EE743797B}.Ad-Hoc|ARM.ActiveCfg = Release|Any CPU
		{B7A24B2D-96BE-4D3B-A14C-532EE743797B}.Ad-Hoc|ARM.Build.0 = Release|Any CPU
		{B7A24B2D-96BE-4D3B-A14C-532EE743797B}.Ad-Hoc|ARM.Deploy.0 = Release|Any CPU
		{B7A24B2D-96BE-4D3B-A14C-532EE743797B}.Ad-Hoc|iPhone.ActiveCfg = Release|Any CPU
		{B7A24B2D-96BE-4D3B-A14C-532EE743797B}.Ad-Hoc|iPhone.Build.0 = Release|Any CPU
		{B7A24B2D-96BE-4D3B-A14C-532EE743797B}.Ad-Hoc|iPhone.Deploy.0 = Release|Any CPU
		{B7A24B2D-96BE-4D3B-A14C-532EE743797B}.Ad-Hoc|iPhoneSimulator.ActiveCfg = Release|Any CPU
		{B7A24B2D-96BE-4D3B-A14C-532EE743797B}.Ad-Hoc|iPhoneSimulator.Build.0 = Release|Any CPU
		{B7A24B2D-96BE-4D3B-A14C-532EE743797B}.Ad-Hoc|iPhoneSimulator.Deploy.0 = Release|Any CPU
		{B7A24B2D-96BE-4D3B-A14C-532EE743797B}.Ad-Hoc|x64.ActiveCfg = Release|Any CPU
		{B7A24B2D-96BE-4D3B-A14C-532EE743797B}.Ad-Hoc|x64.Build.0 = Release|Any CPU
		{B7A24B2D-96BE-4D3B-A14C-532EE743797B}.Ad-Hoc|x64.Deploy.0 = Release|Any CPU
		{B7A24B2D-96BE-4D3B-A14C-532EE743797B}.Ad-Hoc|x86.ActiveCfg = Release|Any CPU
		{B7A24B2D-96BE-4D3B-A14C-532EE743797B}.Ad-Hoc|x86.Build.0 = Release|Any CPU
		{B7A24B2D-96BE-4D3B-A14C-532EE743797B}.Ad-Hoc|x86.Deploy.0 = Release|Any CPU
		{B7A24B2D-96BE-4D3B-A14C-532EE743797B}.AppStore|Any CPU.ActiveCfg = Release|Any CPU
		{B7A24B2D-96BE-4D3B-A14C-532EE743797B}.AppStore|Any CPU.Build.0 = Release|Any CPU
		{B7A24B2D-96BE-4D3B-A14C-532EE743797B}.AppStore|Any CPU.Deploy.0 = Release|Any CPU
		{B7A24B2D-96BE-4D3B-A14C-532EE743797B}.AppStore|ARM.ActiveCfg = Release|Any CPU
		{B7A24B2D-96BE-4D3B-A14C-532EE743797B}.AppStore|ARM.Build.0 = Release|Any CPU
		{B7A24B2D-96BE-4D3B-A14C-532EE743797B}.AppStore|ARM.Deploy.0 = Release|Any CPU
		{B7A24B2D-96BE-4D3B-A14C-532EE743797B}.AppStore|iPhone.ActiveCfg = Release|Any CPU
		{B7A24B2D-96BE-4D3B-A14C-532EE743797B}.AppStore|iPhone.Build.0 = Release|Any CPU
		{B7A24B2D-96BE-4D3B-A14C-532EE743797B}.AppStore|iPhone.Deploy.0 = Release|Any CPU
		{B7A24B2D-96BE-4D3B-A14C-532EE743797B}.AppStore|iPhoneSimulator.ActiveCfg = Release|Any CPU
		{B7A24B2D-96BE-4D3B-A14C-532EE743797B}.AppStore|iPhoneSimulator.Build.0 = Release|Any CPU
		{B7A24B2D-96BE-4D3B-A14C-532EE743797B}.AppStore|iPhoneSimulator.Deploy.0 = Release|Any CPU
		{B7A24B2D-96BE-4D3B-A14C-532EE743797B}.AppStore|x64.ActiveCfg = Release|Any CPU
		{B7A24B2D-96BE-4D3B-A14C-532EE743797B}.AppStore|x64.Build.0 = Release|Any CPU
		{B7A24B2D-96BE-4D3B-A14C-532EE743797B}.AppStore|x64.Deploy.0 = Release|Any CPU
		{B7A24B2D-96BE-4D3B-A14C-532EE743797B}.AppStore|x86.ActiveCfg = Release|Any CPU
		{B7A24B2D-96BE-4D3B-A14C-532EE743797B}.AppStore|x86.Build.0 = Release|Any CPU
		{B7A24B2D-96BE-4D3B-A14C-532EE743797B}.AppStore|x86.Deploy.0 = Release|Any CPU
		{B7A24B2D-96BE-4D3B-A14C-532EE743797B}.Debug|Any CPU.ActiveCfg = Debug|Any CPU
		{B7A24B2D-96BE-4D3B-A14C-532EE743797B}.Debug|Any CPU.Build.0 = Debug|Any CPU
		{B7A24B2D-96BE-4D3B-A14C-532EE743797B}.Debug|Any CPU.Deploy.0 = Debug|Any CPU
		{B7A24B2D-96BE-4D3B-A14C-532EE743797B}.Debug|ARM.ActiveCfg = Debug|Any CPU
		{B7A24B2D-96BE-4D3B-A14C-532EE743797B}.Debug|ARM.Build.0 = Debug|Any CPU
		{B7A24B2D-96BE-4D3B-A14C-532EE743797B}.Debug|ARM.Deploy.0 = Debug|Any CPU
		{B7A24B2D-96BE-4D3B-A14C-532EE743797B}.Debug|iPhone.ActiveCfg = Debug|Any CPU
		{B7A24B2D-96BE-4D3B-A14C-532EE743797B}.Debug|iPhone.Build.0 = Debug|Any CPU
		{B7A24B2D-96BE-4D3B-A14C-532EE743797B}.Debug|iPhone.Deploy.0 = Debug|Any CPU
		{B7A24B2D-96BE-4D3B-A14C-532EE743797B}.Debug|iPhoneSimulator.ActiveCfg = Debug|Any CPU
		{B7A24B2D-96BE-4D3B-A14C-532EE743797B}.Debug|iPhoneSimulator.Build.0 = Debug|Any CPU
		{B7A24B2D-96BE-4D3B-A14C-532EE743797B}.Debug|iPhoneSimulator.Deploy.0 = Debug|Any CPU
		{B7A24B2D-96BE-4D3B-A14C-532EE743797B}.Debug|x64.ActiveCfg = Debug|Any CPU
		{B7A24B2D-96BE-4D3B-A14C-532EE743797B}.Debug|x64.Build.0 = Debug|Any CPU
		{B7A24B2D-96BE-4D3B-A14C-532EE743797B}.Debug|x64.Deploy.0 = Debug|Any CPU
		{B7A24B2D-96BE-4D3B-A14C-532EE743797B}.Debug|x86.ActiveCfg = Debug|Any CPU
		{B7A24B2D-96BE-4D3B-A14C-532EE743797B}.Debug|x86.Build.0 = Debug|Any CPU
		{B7A24B2D-96BE-4D3B-A14C-532EE743797B}.Debug|x86.Deploy.0 = Debug|Any CPU
		{B7A24B2D-96BE-4D3B-A14C-532EE743797B}.Release|Any CPU.ActiveCfg = Release|Any CPU
		{B7A24B2D-96BE-4D3B-A14C-532EE743797B}.Release|Any CPU.Build.0 = Release|Any CPU
		{B7A24B2D-96BE-4D3B-A14C-532EE743797B}.Release|Any CPU.Deploy.0 = Release|Any CPU
		{B7A24B2D-96BE-4D3B-A14C-532EE743797B}.Release|ARM.ActiveCfg = Release|Any CPU
		{B7A24B2D-96BE-4D3B-A14C-532EE743797B}.Release|ARM.Build.0 = Release|Any CPU
		{B7A24B2D-96BE-4D3B-A14C-532EE743797B}.Release|ARM.Deploy.0 = Release|Any CPU
		{B7A24B2D-96BE-4D3B-A14C-532EE743797B}.Release|iPhone.ActiveCfg = Release|Any CPU
		{B7A24B2D-96BE-4D3B-A14C-532EE743797B}.Release|iPhone.Build.0 = Release|Any CPU
		{B7A24B2D-96BE-4D3B-A14C-532EE743797B}.Release|iPhone.Deploy.0 = Release|Any CPU
		{B7A24B2D-96BE-4D3B-A14C-532EE743797B}.Release|iPhoneSimulator.ActiveCfg = Release|Any CPU
		{B7A24B2D-96BE-4D3B-A14C-532EE743797B}.Release|iPhoneSimulator.Build.0 = Release|Any CPU
		{B7A24B2D-96BE-4D3B-A14C-532EE743797B}.Release|iPhoneSimulator.Deploy.0 = Release|Any CPU
		{B7A24B2D-96BE-4D3B-A14C-532EE743797B}.Release|x64.ActiveCfg = Release|Any CPU
		{B7A24B2D-96BE-4D3B-A14C-532EE743797B}.Release|x64.Build.0 = Release|Any CPU
		{B7A24B2D-96BE-4D3B-A14C-532EE743797B}.Release|x64.Deploy.0 = Release|Any CPU
		{B7A24B2D-96BE-4D3B-A14C-532EE743797B}.Release|x86.ActiveCfg = Release|Any CPU
		{B7A24B2D-96BE-4D3B-A14C-532EE743797B}.Release|x86.Build.0 = Release|Any CPU
		{B7A24B2D-96BE-4D3B-A14C-532EE743797B}.Release|x86.Deploy.0 = Release|Any CPU
		{9F535EAA-C6B1-4B14-81AD-298BD99334F7}.Ad-Hoc|Any CPU.ActiveCfg = Ad-Hoc|iPhone
		{9F535EAA-C6B1-4B14-81AD-298BD99334F7}.Ad-Hoc|ARM.ActiveCfg = Ad-Hoc|iPhone
		{9F535EAA-C6B1-4B14-81AD-298BD99334F7}.Ad-Hoc|iPhone.ActiveCfg = Ad-Hoc|iPhone
		{9F535EAA-C6B1-4B14-81AD-298BD99334F7}.Ad-Hoc|iPhone.Build.0 = Ad-Hoc|iPhone
		{9F535EAA-C6B1-4B14-81AD-298BD99334F7}.Ad-Hoc|iPhoneSimulator.ActiveCfg = Ad-Hoc|iPhoneSimulator
		{9F535EAA-C6B1-4B14-81AD-298BD99334F7}.Ad-Hoc|iPhoneSimulator.Build.0 = Ad-Hoc|iPhoneSimulator
		{9F535EAA-C6B1-4B14-81AD-298BD99334F7}.Ad-Hoc|x64.ActiveCfg = Ad-Hoc|iPhone
		{9F535EAA-C6B1-4B14-81AD-298BD99334F7}.Ad-Hoc|x86.ActiveCfg = Ad-Hoc|iPhone
		{9F535EAA-C6B1-4B14-81AD-298BD99334F7}.AppStore|Any CPU.ActiveCfg = AppStore|iPhone
		{9F535EAA-C6B1-4B14-81AD-298BD99334F7}.AppStore|ARM.ActiveCfg = AppStore|iPhone
		{9F535EAA-C6B1-4B14-81AD-298BD99334F7}.AppStore|iPhone.ActiveCfg = AppStore|iPhone
		{9F535EAA-C6B1-4B14-81AD-298BD99334F7}.AppStore|iPhone.Build.0 = AppStore|iPhone
		{9F535EAA-C6B1-4B14-81AD-298BD99334F7}.AppStore|iPhoneSimulator.ActiveCfg = AppStore|iPhoneSimulator
		{9F535EAA-C6B1-4B14-81AD-298BD99334F7}.AppStore|iPhoneSimulator.Build.0 = AppStore|iPhoneSimulator
		{9F535EAA-C6B1-4B14-81AD-298BD99334F7}.AppStore|x64.ActiveCfg = AppStore|iPhone
		{9F535EAA-C6B1-4B14-81AD-298BD99334F7}.AppStore|x86.ActiveCfg = AppStore|iPhone
		{9F535EAA-C6B1-4B14-81AD-298BD99334F7}.Debug|Any CPU.ActiveCfg = Debug|iPhone
		{9F535EAA-C6B1-4B14-81AD-298BD99334F7}.Debug|ARM.ActiveCfg = Debug|iPhone
		{9F535EAA-C6B1-4B14-81AD-298BD99334F7}.Debug|iPhone.ActiveCfg = Debug|iPhone
		{9F535EAA-C6B1-4B14-81AD-298BD99334F7}.Debug|iPhone.Build.0 = Debug|iPhone
		{9F535EAA-C6B1-4B14-81AD-298BD99334F7}.Debug|iPhoneSimulator.ActiveCfg = Debug|iPhoneSimulator
		{9F535EAA-C6B1-4B14-81AD-298BD99334F7}.Debug|iPhoneSimulator.Build.0 = Debug|iPhoneSimulator
		{9F535EAA-C6B1-4B14-81AD-298BD99334F7}.Debug|x64.ActiveCfg = Debug|iPhone
		{9F535EAA-C6B1-4B14-81AD-298BD99334F7}.Debug|x86.ActiveCfg = Debug|iPhone
		{9F535EAA-C6B1-4B14-81AD-298BD99334F7}.Release|Any CPU.ActiveCfg = Release|iPhone
		{9F535EAA-C6B1-4B14-81AD-298BD99334F7}.Release|ARM.ActiveCfg = Release|iPhone
		{9F535EAA-C6B1-4B14-81AD-298BD99334F7}.Release|iPhone.ActiveCfg = Release|iPhone
		{9F535EAA-C6B1-4B14-81AD-298BD99334F7}.Release|iPhone.Build.0 = Release|iPhone
		{9F535EAA-C6B1-4B14-81AD-298BD99334F7}.Release|iPhoneSimulator.ActiveCfg = Release|iPhoneSimulator
		{9F535EAA-C6B1-4B14-81AD-298BD99334F7}.Release|iPhoneSimulator.Build.0 = Release|iPhoneSimulator
		{9F535EAA-C6B1-4B14-81AD-298BD99334F7}.Release|x64.ActiveCfg = Release|iPhone
		{9F535EAA-C6B1-4B14-81AD-298BD99334F7}.Release|x86.ActiveCfg = Release|iPhone
		{A6852689-E7E3-4BBC-B81C-5BC0167AD27F}.Ad-Hoc|Any CPU.ActiveCfg = Release|Any CPU
		{A6852689-E7E3-4BBC-B81C-5BC0167AD27F}.Ad-Hoc|Any CPU.Build.0 = Release|Any CPU
		{A6852689-E7E3-4BBC-B81C-5BC0167AD27F}.Ad-Hoc|Any CPU.Deploy.0 = Release|Any CPU
		{A6852689-E7E3-4BBC-B81C-5BC0167AD27F}.Ad-Hoc|ARM.ActiveCfg = Release|ARM
		{A6852689-E7E3-4BBC-B81C-5BC0167AD27F}.Ad-Hoc|ARM.Build.0 = Release|ARM
		{A6852689-E7E3-4BBC-B81C-5BC0167AD27F}.Ad-Hoc|ARM.Deploy.0 = Release|ARM
		{A6852689-E7E3-4BBC-B81C-5BC0167AD27F}.Ad-Hoc|iPhone.ActiveCfg = Release|Any CPU
		{A6852689-E7E3-4BBC-B81C-5BC0167AD27F}.Ad-Hoc|iPhone.Build.0 = Release|Any CPU
		{A6852689-E7E3-4BBC-B81C-5BC0167AD27F}.Ad-Hoc|iPhone.Deploy.0 = Release|Any CPU
		{A6852689-E7E3-4BBC-B81C-5BC0167AD27F}.Ad-Hoc|iPhoneSimulator.ActiveCfg = Release|Any CPU
		{A6852689-E7E3-4BBC-B81C-5BC0167AD27F}.Ad-Hoc|iPhoneSimulator.Build.0 = Release|Any CPU
		{A6852689-E7E3-4BBC-B81C-5BC0167AD27F}.Ad-Hoc|iPhoneSimulator.Deploy.0 = Release|Any CPU
		{A6852689-E7E3-4BBC-B81C-5BC0167AD27F}.Ad-Hoc|x64.ActiveCfg = Release|Any CPU
		{A6852689-E7E3-4BBC-B81C-5BC0167AD27F}.Ad-Hoc|x64.Build.0 = Release|Any CPU
		{A6852689-E7E3-4BBC-B81C-5BC0167AD27F}.Ad-Hoc|x64.Deploy.0 = Release|Any CPU
		{A6852689-E7E3-4BBC-B81C-5BC0167AD27F}.Ad-Hoc|x86.ActiveCfg = Release|x86
		{A6852689-E7E3-4BBC-B81C-5BC0167AD27F}.Ad-Hoc|x86.Build.0 = Release|x86
		{A6852689-E7E3-4BBC-B81C-5BC0167AD27F}.Ad-Hoc|x86.Deploy.0 = Release|x86
		{A6852689-E7E3-4BBC-B81C-5BC0167AD27F}.AppStore|Any CPU.ActiveCfg = Release|Any CPU
		{A6852689-E7E3-4BBC-B81C-5BC0167AD27F}.AppStore|Any CPU.Build.0 = Release|Any CPU
		{A6852689-E7E3-4BBC-B81C-5BC0167AD27F}.AppStore|Any CPU.Deploy.0 = Release|Any CPU
		{A6852689-E7E3-4BBC-B81C-5BC0167AD27F}.AppStore|ARM.ActiveCfg = Release|ARM
		{A6852689-E7E3-4BBC-B81C-5BC0167AD27F}.AppStore|ARM.Build.0 = Release|ARM
		{A6852689-E7E3-4BBC-B81C-5BC0167AD27F}.AppStore|ARM.Deploy.0 = Release|ARM
		{A6852689-E7E3-4BBC-B81C-5BC0167AD27F}.AppStore|iPhone.ActiveCfg = Release|Any CPU
		{A6852689-E7E3-4BBC-B81C-5BC0167AD27F}.AppStore|iPhone.Build.0 = Release|Any CPU
		{A6852689-E7E3-4BBC-B81C-5BC0167AD27F}.AppStore|iPhone.Deploy.0 = Release|Any CPU
		{A6852689-E7E3-4BBC-B81C-5BC0167AD27F}.AppStore|iPhoneSimulator.ActiveCfg = Release|Any CPU
		{A6852689-E7E3-4BBC-B81C-5BC0167AD27F}.AppStore|iPhoneSimulator.Build.0 = Release|Any CPU
		{A6852689-E7E3-4BBC-B81C-5BC0167AD27F}.AppStore|iPhoneSimulator.Deploy.0 = Release|Any CPU
		{A6852689-E7E3-4BBC-B81C-5BC0167AD27F}.AppStore|x64.ActiveCfg = Release|Any CPU
		{A6852689-E7E3-4BBC-B81C-5BC0167AD27F}.AppStore|x64.Build.0 = Release|Any CPU
		{A6852689-E7E3-4BBC-B81C-5BC0167AD27F}.AppStore|x64.Deploy.0 = Release|Any CPU
		{A6852689-E7E3-4BBC-B81C-5BC0167AD27F}.AppStore|x86.ActiveCfg = Release|x86
		{A6852689-E7E3-4BBC-B81C-5BC0167AD27F}.AppStore|x86.Build.0 = Release|x86
		{A6852689-E7E3-4BBC-B81C-5BC0167AD27F}.AppStore|x86.Deploy.0 = Release|x86
		{A6852689-E7E3-4BBC-B81C-5BC0167AD27F}.Debug|Any CPU.ActiveCfg = Debug|Any CPU
		{A6852689-E7E3-4BBC-B81C-5BC0167AD27F}.Debug|Any CPU.Build.0 = Debug|Any CPU
		{A6852689-E7E3-4BBC-B81C-5BC0167AD27F}.Debug|Any CPU.Deploy.0 = Debug|Any CPU
		{A6852689-E7E3-4BBC-B81C-5BC0167AD27F}.Debug|ARM.ActiveCfg = Debug|ARM
		{A6852689-E7E3-4BBC-B81C-5BC0167AD27F}.Debug|ARM.Build.0 = Debug|ARM
		{A6852689-E7E3-4BBC-B81C-5BC0167AD27F}.Debug|ARM.Deploy.0 = Debug|ARM
		{A6852689-E7E3-4BBC-B81C-5BC0167AD27F}.Debug|iPhone.ActiveCfg = Debug|Any CPU
		{A6852689-E7E3-4BBC-B81C-5BC0167AD27F}.Debug|iPhone.Build.0 = Debug|Any CPU
		{A6852689-E7E3-4BBC-B81C-5BC0167AD27F}.Debug|iPhone.Deploy.0 = Debug|Any CPU
		{A6852689-E7E3-4BBC-B81C-5BC0167AD27F}.Debug|iPhoneSimulator.ActiveCfg = Debug|Any CPU
		{A6852689-E7E3-4BBC-B81C-5BC0167AD27F}.Debug|iPhoneSimulator.Build.0 = Debug|Any CPU
		{A6852689-E7E3-4BBC-B81C-5BC0167AD27F}.Debug|iPhoneSimulator.Deploy.0 = Debug|Any CPU
		{A6852689-E7E3-4BBC-B81C-5BC0167AD27F}.Debug|x64.ActiveCfg = Debug|Any CPU
		{A6852689-E7E3-4BBC-B81C-5BC0167AD27F}.Debug|x64.Build.0 = Debug|Any CPU
		{A6852689-E7E3-4BBC-B81C-5BC0167AD27F}.Debug|x64.Deploy.0 = Debug|Any CPU
		{A6852689-E7E3-4BBC-B81C-5BC0167AD27F}.Debug|x86.ActiveCfg = Debug|x86
		{A6852689-E7E3-4BBC-B81C-5BC0167AD27F}.Debug|x86.Build.0 = Debug|x86
		{A6852689-E7E3-4BBC-B81C-5BC0167AD27F}.Debug|x86.Deploy.0 = Debug|x86
		{A6852689-E7E3-4BBC-B81C-5BC0167AD27F}.Release|Any CPU.ActiveCfg = Release|Any CPU
		{A6852689-E7E3-4BBC-B81C-5BC0167AD27F}.Release|Any CPU.Build.0 = Release|Any CPU
		{A6852689-E7E3-4BBC-B81C-5BC0167AD27F}.Release|Any CPU.Deploy.0 = Release|Any CPU
		{A6852689-E7E3-4BBC-B81C-5BC0167AD27F}.Release|ARM.ActiveCfg = Release|ARM
		{A6852689-E7E3-4BBC-B81C-5BC0167AD27F}.Release|ARM.Build.0 = Release|ARM
		{A6852689-E7E3-4BBC-B81C-5BC0167AD27F}.Release|ARM.Deploy.0 = Release|ARM
		{A6852689-E7E3-4BBC-B81C-5BC0167AD27F}.Release|iPhone.ActiveCfg = Release|Any CPU
		{A6852689-E7E3-4BBC-B81C-5BC0167AD27F}.Release|iPhone.Build.0 = Release|Any CPU
		{A6852689-E7E3-4BBC-B81C-5BC0167AD27F}.Release|iPhone.Deploy.0 = Release|Any CPU
		{A6852689-E7E3-4BBC-B81C-5BC0167AD27F}.Release|iPhoneSimulator.ActiveCfg = Release|Any CPU
		{A6852689-E7E3-4BBC-B81C-5BC0167AD27F}.Release|iPhoneSimulator.Build.0 = Release|Any CPU
		{A6852689-E7E3-4BBC-B81C-5BC0167AD27F}.Release|iPhoneSimulator.Deploy.0 = Release|Any CPU
		{A6852689-E7E3-4BBC-B81C-5BC0167AD27F}.Release|x64.ActiveCfg = Release|Any CPU
		{A6852689-E7E3-4BBC-B81C-5BC0167AD27F}.Release|x64.Build.0 = Release|Any CPU
		{A6852689-E7E3-4BBC-B81C-5BC0167AD27F}.Release|x64.Deploy.0 = Release|Any CPU
		{A6852689-E7E3-4BBC-B81C-5BC0167AD27F}.Release|x86.ActiveCfg = Release|x86
		{A6852689-E7E3-4BBC-B81C-5BC0167AD27F}.Release|x86.Build.0 = Release|x86
		{A6852689-E7E3-4BBC-B81C-5BC0167AD27F}.Release|x86.Deploy.0 = Release|x86
		{DDD7D72A-4AF9-41EB-ADD9-5D293988FFBD}.Ad-Hoc|Any CPU.ActiveCfg = Release|x86
		{DDD7D72A-4AF9-41EB-ADD9-5D293988FFBD}.Ad-Hoc|Any CPU.Build.0 = Release|x86
		{DDD7D72A-4AF9-41EB-ADD9-5D293988FFBD}.Ad-Hoc|Any CPU.Deploy.0 = Release|x86
		{DDD7D72A-4AF9-41EB-ADD9-5D293988FFBD}.Ad-Hoc|ARM.ActiveCfg = Release|ARM
		{DDD7D72A-4AF9-41EB-ADD9-5D293988FFBD}.Ad-Hoc|ARM.Build.0 = Release|ARM
		{DDD7D72A-4AF9-41EB-ADD9-5D293988FFBD}.Ad-Hoc|ARM.Deploy.0 = Release|ARM
		{DDD7D72A-4AF9-41EB-ADD9-5D293988FFBD}.Ad-Hoc|iPhone.ActiveCfg = Release|x86
		{DDD7D72A-4AF9-41EB-ADD9-5D293988FFBD}.Ad-Hoc|iPhone.Build.0 = Release|x86
		{DDD7D72A-4AF9-41EB-ADD9-5D293988FFBD}.Ad-Hoc|iPhone.Deploy.0 = Release|x86
		{DDD7D72A-4AF9-41EB-ADD9-5D293988FFBD}.Ad-Hoc|iPhoneSimulator.ActiveCfg = Release|x86
		{DDD7D72A-4AF9-41EB-ADD9-5D293988FFBD}.Ad-Hoc|iPhoneSimulator.Build.0 = Release|x86
		{DDD7D72A-4AF9-41EB-ADD9-5D293988FFBD}.Ad-Hoc|iPhoneSimulator.Deploy.0 = Release|x86
		{DDD7D72A-4AF9-41EB-ADD9-5D293988FFBD}.Ad-Hoc|x64.ActiveCfg = Release|x64
		{DDD7D72A-4AF9-41EB-ADD9-5D293988FFBD}.Ad-Hoc|x64.Build.0 = Release|x64
		{DDD7D72A-4AF9-41EB-ADD9-5D293988FFBD}.Ad-Hoc|x64.Deploy.0 = Release|x64
		{DDD7D72A-4AF9-41EB-ADD9-5D293988FFBD}.Ad-Hoc|x86.ActiveCfg = Release|x86
		{DDD7D72A-4AF9-41EB-ADD9-5D293988FFBD}.Ad-Hoc|x86.Build.0 = Release|x86
		{DDD7D72A-4AF9-41EB-ADD9-5D293988FFBD}.Ad-Hoc|x86.Deploy.0 = Release|x86
		{DDD7D72A-4AF9-41EB-ADD9-5D293988FFBD}.AppStore|Any CPU.ActiveCfg = Release|x86
		{DDD7D72A-4AF9-41EB-ADD9-5D293988FFBD}.AppStore|Any CPU.Build.0 = Release|x86
		{DDD7D72A-4AF9-41EB-ADD9-5D293988FFBD}.AppStore|Any CPU.Deploy.0 = Release|x86
		{DDD7D72A-4AF9-41EB-ADD9-5D293988FFBD}.AppStore|ARM.ActiveCfg = Release|ARM
		{DDD7D72A-4AF9-41EB-ADD9-5D293988FFBD}.AppStore|ARM.Build.0 = Release|ARM
		{DDD7D72A-4AF9-41EB-ADD9-5D293988FFBD}.AppStore|ARM.Deploy.0 = Release|ARM
		{DDD7D72A-4AF9-41EB-ADD9-5D293988FFBD}.AppStore|iPhone.ActiveCfg = Release|x86
		{DDD7D72A-4AF9-41EB-ADD9-5D293988FFBD}.AppStore|iPhone.Build.0 = Release|x86
		{DDD7D72A-4AF9-41EB-ADD9-5D293988FFBD}.AppStore|iPhone.Deploy.0 = Release|x86
		{DDD7D72A-4AF9-41EB-ADD9-5D293988FFBD}.AppStore|iPhoneSimulator.ActiveCfg = Release|x86
		{DDD7D72A-4AF9-41EB-ADD9-5D293988FFBD}.AppStore|iPhoneSimulator.Build.0 = Release|x86
		{DDD7D72A-4AF9-41EB-ADD9-5D293988FFBD}.AppStore|iPhoneSimulator.Deploy.0 = Release|x86
		{DDD7D72A-4AF9-41EB-ADD9-5D293988FFBD}.AppStore|x64.ActiveCfg = Release|x64
		{DDD7D72A-4AF9-41EB-ADD9-5D293988FFBD}.AppStore|x64.Build.0 = Release|x64
		{DDD7D72A-4AF9-41EB-ADD9-5D293988FFBD}.AppStore|x64.Deploy.0 = Release|x64
		{DDD7D72A-4AF9-41EB-ADD9-5D293988FFBD}.AppStore|x86.ActiveCfg = Release|x86
		{DDD7D72A-4AF9-41EB-ADD9-5D293988FFBD}.AppStore|x86.Build.0 = Release|x86
		{DDD7D72A-4AF9-41EB-ADD9-5D293988FFBD}.AppStore|x86.Deploy.0 = Release|x86
		{DDD7D72A-4AF9-41EB-ADD9-5D293988FFBD}.Debug|Any CPU.ActiveCfg = Debug|x86
		{DDD7D72A-4AF9-41EB-ADD9-5D293988FFBD}.Debug|ARM.ActiveCfg = Debug|ARM
		{DDD7D72A-4AF9-41EB-ADD9-5D293988FFBD}.Debug|ARM.Build.0 = Debug|ARM
		{DDD7D72A-4AF9-41EB-ADD9-5D293988FFBD}.Debug|ARM.Deploy.0 = Debug|ARM
		{DDD7D72A-4AF9-41EB-ADD9-5D293988FFBD}.Debug|iPhone.ActiveCfg = Debug|x86
		{DDD7D72A-4AF9-41EB-ADD9-5D293988FFBD}.Debug|iPhoneSimulator.ActiveCfg = Debug|x86
		{DDD7D72A-4AF9-41EB-ADD9-5D293988FFBD}.Debug|x64.ActiveCfg = Debug|x64
		{DDD7D72A-4AF9-41EB-ADD9-5D293988FFBD}.Debug|x64.Build.0 = Debug|x64
		{DDD7D72A-4AF9-41EB-ADD9-5D293988FFBD}.Debug|x64.Deploy.0 = Debug|x64
		{DDD7D72A-4AF9-41EB-ADD9-5D293988FFBD}.Debug|x86.ActiveCfg = Debug|x86
		{DDD7D72A-4AF9-41EB-ADD9-5D293988FFBD}.Debug|x86.Build.0 = Debug|x86
		{DDD7D72A-4AF9-41EB-ADD9-5D293988FFBD}.Debug|x86.Deploy.0 = Debug|x86
		{DDD7D72A-4AF9-41EB-ADD9-5D293988FFBD}.Release|Any CPU.ActiveCfg = Release|x86
		{DDD7D72A-4AF9-41EB-ADD9-5D293988FFBD}.Release|ARM.ActiveCfg = Release|ARM
		{DDD7D72A-4AF9-41EB-ADD9-5D293988FFBD}.Release|ARM.Build.0 = Release|ARM
		{DDD7D72A-4AF9-41EB-ADD9-5D293988FFBD}.Release|ARM.Deploy.0 = Release|ARM
		{DDD7D72A-4AF9-41EB-ADD9-5D293988FFBD}.Release|iPhone.ActiveCfg = Release|x86
		{DDD7D72A-4AF9-41EB-ADD9-5D293988FFBD}.Release|iPhoneSimulator.ActiveCfg = Release|x86
		{DDD7D72A-4AF9-41EB-ADD9-5D293988FFBD}.Release|x64.ActiveCfg = Release|x64
		{DDD7D72A-4AF9-41EB-ADD9-5D293988FFBD}.Release|x64.Build.0 = Release|x64
		{DDD7D72A-4AF9-41EB-ADD9-5D293988FFBD}.Release|x64.Deploy.0 = Release|x64
		{DDD7D72A-4AF9-41EB-ADD9-5D293988FFBD}.Release|x86.ActiveCfg = Release|x86
		{DDD7D72A-4AF9-41EB-ADD9-5D293988FFBD}.Release|x86.Build.0 = Release|x86
		{DDD7D72A-4AF9-41EB-ADD9-5D293988FFBD}.Release|x86.Deploy.0 = Release|x86
		{8BF7EAAC-3494-4EF4-922B-351AC376E85D}.Ad-Hoc|Any CPU.ActiveCfg = Release|Any CPU
		{8BF7EAAC-3494-4EF4-922B-351AC376E85D}.Ad-Hoc|Any CPU.Build.0 = Release|Any CPU
		{8BF7EAAC-3494-4EF4-922B-351AC376E85D}.Ad-Hoc|Any CPU.Deploy.0 = Release|Any CPU
		{8BF7EAAC-3494-4EF4-922B-351AC376E85D}.Ad-Hoc|ARM.ActiveCfg = Release|ARM
		{8BF7EAAC-3494-4EF4-922B-351AC376E85D}.Ad-Hoc|ARM.Build.0 = Release|ARM
		{8BF7EAAC-3494-4EF4-922B-351AC376E85D}.Ad-Hoc|ARM.Deploy.0 = Release|ARM
		{8BF7EAAC-3494-4EF4-922B-351AC376E85D}.Ad-Hoc|iPhone.ActiveCfg = Release|Any CPU
		{8BF7EAAC-3494-4EF4-922B-351AC376E85D}.Ad-Hoc|iPhone.Build.0 = Release|Any CPU
		{8BF7EAAC-3494-4EF4-922B-351AC376E85D}.Ad-Hoc|iPhone.Deploy.0 = Release|Any CPU
		{8BF7EAAC-3494-4EF4-922B-351AC376E85D}.Ad-Hoc|iPhoneSimulator.ActiveCfg = Release|Any CPU
		{8BF7EAAC-3494-4EF4-922B-351AC376E85D}.Ad-Hoc|iPhoneSimulator.Build.0 = Release|Any CPU
		{8BF7EAAC-3494-4EF4-922B-351AC376E85D}.Ad-Hoc|iPhoneSimulator.Deploy.0 = Release|Any CPU
		{8BF7EAAC-3494-4EF4-922B-351AC376E85D}.Ad-Hoc|x64.ActiveCfg = Release|x64
		{8BF7EAAC-3494-4EF4-922B-351AC376E85D}.Ad-Hoc|x64.Build.0 = Release|x64
		{8BF7EAAC-3494-4EF4-922B-351AC376E85D}.Ad-Hoc|x64.Deploy.0 = Release|x64
		{8BF7EAAC-3494-4EF4-922B-351AC376E85D}.Ad-Hoc|x86.ActiveCfg = Release|x86
		{8BF7EAAC-3494-4EF4-922B-351AC376E85D}.Ad-Hoc|x86.Build.0 = Release|x86
		{8BF7EAAC-3494-4EF4-922B-351AC376E85D}.Ad-Hoc|x86.Deploy.0 = Release|x86
		{8BF7EAAC-3494-4EF4-922B-351AC376E85D}.AppStore|Any CPU.ActiveCfg = Release|Any CPU
		{8BF7EAAC-3494-4EF4-922B-351AC376E85D}.AppStore|Any CPU.Build.0 = Release|Any CPU
		{8BF7EAAC-3494-4EF4-922B-351AC376E85D}.AppStore|Any CPU.Deploy.0 = Release|Any CPU
		{8BF7EAAC-3494-4EF4-922B-351AC376E85D}.AppStore|ARM.ActiveCfg = Release|ARM
		{8BF7EAAC-3494-4EF4-922B-351AC376E85D}.AppStore|ARM.Build.0 = Release|ARM
		{8BF7EAAC-3494-4EF4-922B-351AC376E85D}.AppStore|ARM.Deploy.0 = Release|ARM
		{8BF7EAAC-3494-4EF4-922B-351AC376E85D}.AppStore|iPhone.ActiveCfg = Release|Any CPU
		{8BF7EAAC-3494-4EF4-922B-351AC376E85D}.AppStore|iPhone.Build.0 = Release|Any CPU
		{8BF7EAAC-3494-4EF4-922B-351AC376E85D}.AppStore|iPhone.Deploy.0 = Release|Any CPU
		{8BF7EAAC-3494-4EF4-922B-351AC376E85D}.AppStore|iPhoneSimulator.ActiveCfg = Release|Any CPU
		{8BF7EAAC-3494-4EF4-922B-351AC376E85D}.AppStore|iPhoneSimulator.Build.0 = Release|Any CPU
		{8BF7EAAC-3494-4EF4-922B-351AC376E85D}.AppStore|iPhoneSimulator.Deploy.0 = Release|Any CPU
		{8BF7EAAC-3494-4EF4-922B-351AC376E85D}.AppStore|x64.ActiveCfg = Release|x64
		{8BF7EAAC-3494-4EF4-922B-351AC376E85D}.AppStore|x64.Build.0 = Release|x64
		{8BF7EAAC-3494-4EF4-922B-351AC376E85D}.AppStore|x64.Deploy.0 = Release|x64
		{8BF7EAAC-3494-4EF4-922B-351AC376E85D}.AppStore|x86.ActiveCfg = Release|x86
		{8BF7EAAC-3494-4EF4-922B-351AC376E85D}.AppStore|x86.Build.0 = Release|x86
		{8BF7EAAC-3494-4EF4-922B-351AC376E85D}.AppStore|x86.Deploy.0 = Release|x86
		{8BF7EAAC-3494-4EF4-922B-351AC376E85D}.Debug|Any CPU.ActiveCfg = Debug|Any CPU
		{8BF7EAAC-3494-4EF4-922B-351AC376E85D}.Debug|Any CPU.Build.0 = Debug|Any CPU
		{8BF7EAAC-3494-4EF4-922B-351AC376E85D}.Debug|Any CPU.Deploy.0 = Debug|Any CPU
		{8BF7EAAC-3494-4EF4-922B-351AC376E85D}.Debug|ARM.ActiveCfg = Debug|ARM
		{8BF7EAAC-3494-4EF4-922B-351AC376E85D}.Debug|ARM.Build.0 = Debug|ARM
		{8BF7EAAC-3494-4EF4-922B-351AC376E85D}.Debug|ARM.Deploy.0 = Debug|ARM
		{8BF7EAAC-3494-4EF4-922B-351AC376E85D}.Debug|iPhone.ActiveCfg = Debug|Any CPU
		{8BF7EAAC-3494-4EF4-922B-351AC376E85D}.Debug|iPhone.Build.0 = Debug|Any CPU
		{8BF7EAAC-3494-4EF4-922B-351AC376E85D}.Debug|iPhone.Deploy.0 = Debug|Any CPU
		{8BF7EAAC-3494-4EF4-922B-351AC376E85D}.Debug|iPhoneSimulator.ActiveCfg = Debug|Any CPU
		{8BF7EAAC-3494-4EF4-922B-351AC376E85D}.Debug|iPhoneSimulator.Build.0 = Debug|Any CPU
		{8BF7EAAC-3494-4EF4-922B-351AC376E85D}.Debug|iPhoneSimulator.Deploy.0 = Debug|Any CPU
		{8BF7EAAC-3494-4EF4-922B-351AC376E85D}.Debug|x64.ActiveCfg = Debug|x64
		{8BF7EAAC-3494-4EF4-922B-351AC376E85D}.Debug|x64.Build.0 = Debug|x64
		{8BF7EAAC-3494-4EF4-922B-351AC376E85D}.Debug|x64.Deploy.0 = Debug|x64
		{8BF7EAAC-3494-4EF4-922B-351AC376E85D}.Debug|x86.ActiveCfg = Debug|x86
		{8BF7EAAC-3494-4EF4-922B-351AC376E85D}.Debug|x86.Build.0 = Debug|x86
		{8BF7EAAC-3494-4EF4-922B-351AC376E85D}.Debug|x86.Deploy.0 = Debug|x86
		{8BF7EAAC-3494-4EF4-922B-351AC376E85D}.Release|Any CPU.ActiveCfg = Release|Any CPU
		{8BF7EAAC-3494-4EF4-922B-351AC376E85D}.Release|Any CPU.Build.0 = Release|Any CPU
		{8BF7EAAC-3494-4EF4-922B-351AC376E85D}.Release|Any CPU.Deploy.0 = Release|Any CPU
		{8BF7EAAC-3494-4EF4-922B-351AC376E85D}.Release|ARM.ActiveCfg = Release|ARM
		{8BF7EAAC-3494-4EF4-922B-351AC376E85D}.Release|ARM.Build.0 = Release|ARM
		{8BF7EAAC-3494-4EF4-922B-351AC376E85D}.Release|ARM.Deploy.0 = Release|ARM
		{8BF7EAAC-3494-4EF4-922B-351AC376E85D}.Release|iPhone.ActiveCfg = Release|Any CPU
		{8BF7EAAC-3494-4EF4-922B-351AC376E85D}.Release|iPhone.Build.0 = Release|Any CPU
		{8BF7EAAC-3494-4EF4-922B-351AC376E85D}.Release|iPhone.Deploy.0 = Release|Any CPU
		{8BF7EAAC-3494-4EF4-922B-351AC376E85D}.Release|iPhoneSimulator.ActiveCfg = Release|Any CPU
		{8BF7EAAC-3494-4EF4-922B-351AC376E85D}.Release|iPhoneSimulator.Build.0 = Release|Any CPU
		{8BF7EAAC-3494-4EF4-922B-351AC376E85D}.Release|iPhoneSimulator.Deploy.0 = Release|Any CPU
		{8BF7EAAC-3494-4EF4-922B-351AC376E85D}.Release|x64.ActiveCfg = Release|x64
		{8BF7EAAC-3494-4EF4-922B-351AC376E85D}.Release|x64.Build.0 = Release|x64
		{8BF7EAAC-3494-4EF4-922B-351AC376E85D}.Release|x64.Deploy.0 = Release|x64
		{8BF7EAAC-3494-4EF4-922B-351AC376E85D}.Release|x86.ActiveCfg = Release|x86
		{8BF7EAAC-3494-4EF4-922B-351AC376E85D}.Release|x86.Build.0 = Release|x86
		{8BF7EAAC-3494-4EF4-922B-351AC376E85D}.Release|x86.Deploy.0 = Release|x86
	EndGlobalSection
	GlobalSection(SolutionProperties) = preSolution
		HideSolutionNode = FALSE
	EndGlobalSection
EndGlobal
